// !$*UTF8*$!
{
	archiveVersion = 1;
	classes = {
	};
	objectVersion = 77;
	objects = {

/* Begin PBXFileReference section */
		52D07D502D2F847000227184 /* app.html */ = {isa = PBXFileReference; lastKnownFileType = text.html; path = app.html; sourceTree = "<group>"; };
		52D07D512D2F847000227184 /* app-icon.png */ = {isa = PBXFileReference; lastKnownFileType = image.png; path = "app-icon.png"; sourceTree = "<group>"; };
		52D07D522D2F847000227184 /* app-icon-dark.png */ = {isa = PBXFileReference; lastKnownFileType = image.png; path = "app-icon-dark.png"; sourceTree = "<group>"; };
		52D07D532D2F847000227184 /* privacy.html */ = {isa = PBXFileReference; lastKnownFileType = text.html; path = privacy.html; sourceTree = "<group>"; };
		52D07D542D2F847000227184 /* screenshots-group.png */ = {isa = PBXFileReference; lastKnownFileType = image.png; path = "screenshots-group.png"; sourceTree = "<group>"; };
		52D07D552D2F847000227184 /* screenshots-group-dark.png */ = {isa = PBXFileReference; lastKnownFileType = image.png; path = "screenshots-group-dark.png"; sourceTree = "<group>"; };
		52D07D562D2F847000227184 /* share.jpg */ = {isa = PBXFileReference; lastKnownFileType = image.jpeg; path = share.jpg; sourceTree = "<group>"; };
		52E9AD5B2CF1FBA600AA863E /* app.html */ = {isa = PBXFileReference; lastKnownFileType = text.html; path = app.html; sourceTree = "<group>"; };
		52E9AD5C2CF1FBA600AA863E /* app-icon.png */ = {isa = PBXFileReference; lastKnownFileType = image.png; path = "app-icon.png"; sourceTree = "<group>"; };
		52E9AD5D2CF1FBA600AA863E /* app-icon-dark.png */ = {isa = PBXFileReference; lastKnownFileType = image.png; path = "app-icon-dark.png"; sourceTree = "<group>"; };
		52E9AD5E2CF1FBA600AA863E /* privacy.html */ = {isa = PBXFileReference; lastKnownFileType = text.html; path = privacy.html; sourceTree = "<group>"; };
		52E9AD5F2CF1FBA600AA863E /* screenshots-group.png */ = {isa = PBXFileReference; lastKnownFileType = image.png; path = "screenshots-group.png"; sourceTree = "<group>"; };
		52E9AD602CF1FBA600AA863E /* screenshots-group-dark.png */ = {isa = PBXFileReference; lastKnownFileType = image.png; path = "screenshots-group-dark.png"; sourceTree = "<group>"; };
		52E9AD612CF1FBA600AA863E /* share.jpg */ = {isa = PBXFileReference; lastKnownFileType = image.jpeg; path = share.jpg; sourceTree = "<group>"; };
		52FE986F2CC684530079A39E /* app-ads.txt */ = {isa = PBXFileReference; lastKnownFileType = text; path = "app-ads.txt"; sourceTree = "<group>"; };
		52FE98702CC684530079A39E /* download-on-the-app-store-badge-black.svg */ = {isa = PBXFileReference; lastKnownFileType = text; path = "download-on-the-app-store-badge-black.svg"; sourceTree = "<group>"; };
		52FE98712CC684530079A39E /* download-on-the-app-store-badge-white.svg */ = {isa = PBXFileReference; lastKnownFileType = text; path = "download-on-the-app-store-badge-white.svg"; sourceTree = "<group>"; };
		52FE98862CC684530079A39E /* colors.css */ = {isa = PBXFileReference; lastKnownFileType = text.css; path = colors.css; sourceTree = "<group>"; };
		52FE98872CC684530079A39E /* main.css */ = {isa = PBXFileReference; lastKnownFileType = text.css; path = main.css; sourceTree = "<group>"; };
		52FE98882CC684530079A39E /* ui.css */ = {isa = PBXFileReference; lastKnownFileType = text.css; path = ui.css; sourceTree = "<group>"; };
		52FE98892CC684530079A39E /* typography.css */ = {isa = PBXFileReference; lastKnownFileType = text.css; path = typography.css; sourceTree = "<group>"; };
		52FE988B2CC684530079A39E /* google-admob-app-privacy.html */ = {isa = PBXFileReference; lastKnownFileType = text.html; path = "google-admob-app-privacy.html"; sourceTree = "<group>"; };
		52FE988C2CC684530079A39E /* index.html */ = {isa = PBXFileReference; lastKnownFileType = text.html; path = index.html; sourceTree = "<group>"; };
		52FE98942CC684530079A39E /* sitemap.xml */ = {isa = PBXFileReference; lastKnownFileType = text.xml; path = sitemap.xml; sourceTree = "<group>"; };
/* End PBXFileReference section */

/* Begin PBXGroup section */
		52D07D4F2D2F840200227184 /* app */ = {
			isa = PBXGroup;
			children = (
				52D07D572D2F847000227184 /* timecapsule */,
				52E9AD622CF1FBA600AA863E /* template */,
			);
			path = app;
			sourceTree = "<group>";
		};
		52D07D572D2F847000227184 /* timecapsule */ = {
			isa = PBXGroup;
			children = (
				52D07D502D2F847000227184 /* app.html */,
				52D07D512D2F847000227184 /* app-icon.png */,
				52D07D522D2F847000227184 /* app-icon-dark.png */,
				52D07D532D2F847000227184 /* privacy.html */,
				52D07D542D2F847000227184 /* screenshots-group.png */,
				52D07D552D2F847000227184 /* screenshots-group-dark.png */,
				52D07D562D2F847000227184 /* share.jpg */,
			);
			path = timecapsule;
			sourceTree = "<group>";
		};
		52E9AD622CF1FBA600AA863E /* template */ = {
			isa = PBXGroup;
			children = (
				52E9AD5B2CF1FBA600AA863E /* app.html */,
				52E9AD5C2CF1FBA600AA863E /* app-icon.png */,
				52E9AD5D2CF1FBA600AA863E /* app-icon-dark.png */,
				52E9AD5E2CF1FBA600AA863E /* privacy.html */,
				52E9AD5F2CF1FBA600AA863E /* screenshots-group.png */,
				52E9AD602CF1FBA600AA863E /* screenshots-group-dark.png */,
				52E9AD612CF1FBA600AA863E /* share.jpg */,
			);
			path = template;
			sourceTree = "<group>";
		};
		52FE98682CC6843D0079A39E = {
			isa = PBXGroup;
			children = (
				52D07D4F2D2F840200227184 /* app */,
				52FE988C2CC684530079A39E /* index.html */,
				52FE988A2CC684530079A39E /* css */,
				52FE98732CC684530079A39E /* assets */,
				52FE988B2CC684530079A39E /* google-admob-app-privacy.html */,
				52FE986F2CC684530079A39E /* app-ads.txt */,
				52FE98942CC684530079A39E /* sitemap.xml */,
			);
			sourceTree = "<group>";
		};
		52FE98722CC684530079A39E /* badges */ = {
			isa = PBXGroup;
			children = (
				52FE98702CC684530079A39E /* download-on-the-app-store-badge-black.svg */,
				52FE98712CC684530079A39E /* download-on-the-app-store-badge-white.svg */,
			);
			path = badges;
			sourceTree = "<group>";
		};
		52FE98732CC684530079A39E /* assets */ = {
			isa = PBXGroup;
			children = (
				52FE98722CC684530079A39E /* badges */,
			);
			path = assets;
			sourceTree = "<group>";
		};
		52FE988A2CC684530079A39E /* css */ = {
			isa = PBXGroup;
			children = (
				52FE98872CC684530079A39E /* main.css */,
				52FE98882CC684530079A39E /* ui.css */,
				52FE98862CC684530079A39E /* colors.css */,
				52FE98892CC684530079A39E /* typography.css */,
			);
			path = css;
			sourceTree = "<group>";
		};
/* End PBXGroup section */

/* Begin PBXProject section */
		52FE98692CC6843D0079A39E /* Project object */ = {
			isa = PBXProject;
			attributes = {
				BuildIndependentTargetsInParallel = 1;
				LastUpgradeCheck = 1600;
			};
			buildConfigurationList = 52FE986C2CC6843D0079A39E /* Build configuration list for PBXProject "Website" */;
			developmentRegion = en;
			hasScannedForEncodings = 0;
			knownRegions = (
				en,
				Base,
			);
			mainGroup = 52FE98682CC6843D0079A39E;
			minimizedProjectReferenceProxies = 1;
			preferredProjectObjectVersion = 77;
			projectDirPath = "";
			projectRoot = "";
			targets = (
			);
		};
/* End PBXProject section */

/* Begin XCBuildConfiguration section */
		52FE986D2CC6843D0079A39E /* Debug */ = {
			isa = XCBuildConfiguration;
			buildSettings = {
			};
			name = Debug;
		};
		52FE986E2CC6843D0079A39E /* Release */ = {
			isa = XCBuildConfiguration;
			buildSettings = {
			};
			name = Release;
		};
/* End XCBuildConfiguration section */

/* Begin XCConfigurationList section */
		52FE986C2CC6843D0079A39E /* Build configuration list for PBXProject "Website" */ = {
			isa = XCConfigurationList;
			buildConfigurations = (
				52FE986D2CC6843D0079A39E /* Debug */,
				52FE986E2CC6843D0079A39E /* Release */,
			);
			defaultConfigurationIsVisible = 0;
			defaultConfigurationName = Release;
		};
/* End XCConfigurationList section */
	};
	rootObject = 52FE98692CC6843D0079A39E /* Project object */;
}
